{
  "name": "8-5",
  "version": "1.0.0",
  "lockfileVersion": 1,
  "requires": true,
  "dependencies": {
    "abstract-leveldown": {
      "version": "6.0.3",
      "resolved": "https://registry.npm.taobao.org/abstract-leveldown/download/abstract-leveldown-6.0.3.tgz",
      "integrity": "sha1-tLYVk0PHSwxRl7KBeFR4LY90jEo=",
      "requires": {
        "level-concat-iterator": "~2.0.0",
        "xtend": "~4.0.0"
      }
    },
    "deferred-leveldown": {
      "version": "5.0.1",
      "resolved": "https://registry.npm.taobao.org/deferred-leveldown/download/deferred-leveldown-5.0.1.tgz",
      "integrity": "sha1-FkLrGLU137K2rE05+xCpy8/ROwk=",
      "requires": {
        "abstract-leveldown": "~6.0.0",
        "inherits": "^2.0.3"
      }
    },
    "encoding-down": {
      "version": "6.0.2",
      "resolved": "https://registry.npm.taobao.org/encoding-down/download/encoding-down-6.0.2.tgz",
      "integrity": "sha1-UEggqFyp0J5IzayyyN15ah80eiM=",
      "requires": {
        "abstract-leveldown": "^6.0.0",
        "inherits": "^2.0.3",
        "level-codec": "^9.0.0",
        "level-errors": "^2.0.0"
      }
    },
    "errno": {
      "version": "0.1.7",
      "resolved": "http://registry.npm.taobao.org/errno/download/errno-0.1.7.tgz",
      "integrity": "sha1-RoTXF3mtOa8Xfj8AeZb3xnyFJhg=",
      "requires": {
        "prr": "~1.0.1"
      }
    },
    "fast-future": {
      "version": "1.0.2",
      "resolved": "https://registry.npm.taobao.org/fast-future/download/fast-future-1.0.2.tgz",
      "integrity": "sha1-hDWpqqAteSSNF9cE52JZMB2ZKAo="
    },
    "immediate": {
      "version": "3.2.3",
      "resolved": "https://registry.npm.taobao.org/immediate/download/immediate-3.2.3.tgz",
      "integrity": "sha1-0UD6j2FGWb1lQSMwl92qwlzdmRw="
    },
    "inherits": {
      "version": "2.0.3",
      "resolved": "http://registry.npm.taobao.org/inherits/download/inherits-2.0.3.tgz",
      "integrity": "sha1-Yzwsg+PaQqUC9SRmAiSA9CCCYd4="
    },
    "is-typedarray": {
      "version": "1.0.0",
      "resolved": "http://registry.npm.taobao.org/is-typedarray/download/is-typedarray-1.0.0.tgz",
      "integrity": "sha1-5HnICFjfDBsR3dppQPlgEfzaSpo="
    },
    "level": {
      "version": "5.0.1",
      "resolved": "https://registry.npm.taobao.org/level/download/level-5.0.1.tgz",
      "integrity": "sha1-hSjMHuN6xBMnASmh6rk4xhC+PMs=",
      "requires": {
        "level-js": "^4.0.0",
        "level-packager": "^5.0.0",
        "leveldown": "^5.0.0",
        "opencollective-postinstall": "^2.0.0"
      }
    },
    "level-codec": {
      "version": "9.0.1",
      "resolved": "https://registry.npm.taobao.org/level-codec/download/level-codec-9.0.1.tgz",
      "integrity": "sha1-BC9KqF5W1DKKzjaMlQgRuoArckc="
    },
    "level-concat-iterator": {
      "version": "2.0.1",
      "resolved": "https://registry.npm.taobao.org/level-concat-iterator/download/level-concat-iterator-2.0.1.tgz",
      "integrity": "sha1-HRAJzxCDQCUss4xR+XJzERk+YmM="
    },
    "level-errors": {
      "version": "2.0.1",
      "resolved": "https://registry.npm.taobao.org/level-errors/download/level-errors-2.0.1.tgz",
      "integrity": "sha1-ITKmd79OZ5zgKfUXwvF0MoAMBcg=",
      "requires": {
        "errno": "~0.1.1"
      }
    },
    "level-iterator-stream": {
      "version": "4.0.1",
      "resolved": "https://registry.npm.taobao.org/level-iterator-stream/download/level-iterator-stream-4.0.1.tgz",
      "integrity": "sha1-ZcRnBwwHiP4NCKDB7WAMO56CvI0=",
      "requires": {
        "inherits": "^2.0.1",
        "readable-stream": "^3.0.2",
        "xtend": "^4.0.0"
      }
    },
    "level-js": {
      "version": "4.0.1",
      "resolved": "https://registry.npm.taobao.org/level-js/download/level-js-4.0.1.tgz",
      "integrity": "sha1-O61X2LtG67p7E7x0QrVvS0XIouA=",
      "requires": {
        "abstract-leveldown": "~6.0.1",
        "immediate": "~3.2.3",
        "inherits": "^2.0.3",
        "ltgt": "^2.1.2",
        "typedarray-to-buffer": "~3.1.5"
      }
    },
    "level-packager": {
      "version": "5.0.1",
      "resolved": "https://registry.npm.taobao.org/level-packager/download/level-packager-5.0.1.tgz",
      "integrity": "sha1-t+snxua3KYv4j9AqsS8JHliLmMY=",
      "requires": {
        "encoding-down": "^6.0.0",
        "levelup": "^4.0.0"
      }
    },
    "leveldown": {
      "version": "5.0.3",
      "resolved": "https://registry.npm.taobao.org/leveldown/download/leveldown-5.0.3.tgz",
      "integrity": "sha1-ZogEeOlWUo7TXUfjD2YJ4SAb95w=",
      "requires": {
        "abstract-leveldown": "~6.0.3",
        "fast-future": "~1.0.2",
        "napi-macros": "~1.8.1",
        "node-gyp-build": "~3.8.0"
      }
    },
    "levelup": {
      "version": "4.0.1",
      "resolved": "https://registry.npm.taobao.org/levelup/download/levelup-4.0.1.tgz",
      "integrity": "sha1-JjIesz7B3awfKbGsgvi2k+LL8YI=",
      "requires": {
        "deferred-leveldown": "~5.0.0",
        "level-errors": "~2.0.0",
        "level-iterator-stream": "~4.0.0",
        "xtend": "~4.0.0"
      }
    },
    "ltgt": {
      "version": "2.2.1",
      "resolved": "https://registry.npm.taobao.org/ltgt/download/ltgt-2.2.1.tgz",
      "integrity": "sha1-81ypHEk/e3PaDgdJUwTxezH4fuU="
    },
    "napi-macros": {
      "version": "1.8.2",
      "resolved": "https://registry.npm.taobao.org/napi-macros/download/napi-macros-1.8.2.tgz",
      "integrity": "sha1-KZJlwdiqQBNRrQZ1EH11EijAPto="
    },
    "node-gyp-build": {
      "version": "3.8.0",
      "resolved": "https://registry.npm.taobao.org/node-gyp-build/download/node-gyp-build-3.8.0.tgz",
      "integrity": "sha1-D1fv6xlx9ATfy/q5dcKE3nxw8Uo="
    },
    "opencollective-postinstall": {
      "version": "2.0.2",
      "resolved": "https://registry.npm.taobao.org/opencollective-postinstall/download/opencollective-postinstall-2.0.2.tgz",
      "integrity": "sha1-Vlfxvt5ptuM6RZObBh61PTxsOok="
    },
    "prr": {
      "version": "1.0.1",
      "resolved": "http://registry.npm.taobao.org/prr/download/prr-1.0.1.tgz",
      "integrity": "sha1-0/wRS6BplaRexok/SEzrHXj19HY="
    },
    "readable-stream": {
      "version": "3.3.0",
      "resolved": "http://registry.npm.taobao.org/readable-stream/download/readable-stream-3.3.0.tgz",
      "integrity": "sha1-y4ARqtAC63F78EApH+uoVpyYb7k=",
      "requires": {
        "inherits": "^2.0.3",
        "string_decoder": "^1.1.1",
        "util-deprecate": "^1.0.1"
      }
    },
    "safe-buffer": {
      "version": "5.1.2",
      "resolved": "http://registry.npm.taobao.org/safe-buffer/download/safe-buffer-5.1.2.tgz",
      "integrity": "sha1-mR7GnSluAxN0fVm9/St0XDX4go0="
    },
    "string_decoder": {
      "version": "1.2.0",
      "resolved": "http://registry.npm.taobao.org/string_decoder/download/string_decoder-1.2.0.tgz",
      "integrity": "sha1-/obnOLGVRK/nBGkkOyoe6SQOro0=",
      "requires": {
        "safe-buffer": "~5.1.0"
      }
    },
    "typedarray-to-buffer": {
      "version": "3.1.5",
      "resolved": "https://registry.npm.taobao.org/typedarray-to-buffer/download/typedarray-to-buffer-3.1.5.tgz",
      "integrity": "sha1-qX7nqf9CaRufeD/xvFES/j/KkIA=",
      "requires": {
        "is-typedarray": "^1.0.0"
      }
    },
    "util-deprecate": {
      "version": "1.0.2",
      "resolved": "http://registry.npm.taobao.org/util-deprecate/download/util-deprecate-1.0.2.tgz",
      "integrity": "sha1-RQ1Nyfpw3nMnYvvS1KKJgUGaDM8="
    },
    "xtend": {
      "version": "4.0.1",
      "resolved": "http://registry.npm.taobao.org/xtend/download/xtend-4.0.1.tgz",
      "integrity": "sha1-pcbVMr5lbiPbgg77lDofBJmNY68="
    }
  }
}
